
Microsoft Visual Studio Solution File, Format Version 12.00
# Visual Studio Version 17
VisualStudioVersion = 17.1.32414.318
MinimumVisualStudioVersion = 10.0.40219.1
Project("{FAE04EC0-301F-11D3-BF4B-00C04F79EFBC}") = "Parcial-PrograX", "Parcial-PrograX\Parcial-PrograX.csproj", "{FCDBAE75-21D7-4351-8C17-273AC9CC0D37}"
EndProject
Global
	GlobalSection(SolutionConfigurationPlatforms) = preSolution
		Debug|Any CPU = Debug|Any CPU
		Release|Any CPU = Release|Any CPU
	EndGlobalSection
	GlobalSection(ProjectConfigurationPlatforms) = postSolution
		{FCDBAE75-21D7-4351-8C17-273AC9CC0D37}.Debug|Any CPU.ActiveCfg = Debug|Any CPU
		{FCDBAE75-21D7-4351-8C17-273AC9CC0D37}.Debug|Any CPU.Build.0 = Debug|Any CPU
		{FCDBAE75-21D7-4351-8C17-273AC9CC0D37}.Release|Any CPU.ActiveCfg = Release|Any CPU
		{FCDBAE75-21D7-4351-8C17-273AC9CC0D37}.Release|Any CPU.Build.0 = Release|Any CPU
	EndGlobalSection
	GlobalSection(SolutionProperties) = preSolution
		HideSolutionNode = FALSE
	EndGlobalSection
	GlobalSection(ExtensibilityGlobals) = postSolution
		SolutionGuid = {EFAB4E0D-872F-4C2D-A42F-3532450AE3B8}
	EndGlobalSection
EndGlobal
